
Microsoft Visual Studio Solution File, Format Version 12.00
# Visual Studio Version 16
VisualStudioVersion = 16.0.32428.217
MinimumVisualStudioVersion = 10.0.40219.1
Project("{FAE04EC0-301F-11D3-BF4B-00C04F79EFBC}") = "Infrastructure", "PreciousGame.Verot.Morin.Infrastructure\Infrastructure.csproj", "{49B0A394-11FF-4AC0-82FB-9E73191E3F0C}"
EndProject
Project("{FAE04EC0-301F-11D3-BF4B-00C04F79EFBC}") = "Console", "PreciousGame.Verot.Morin.Console\Console.csproj", "{3127AD8F-D690-4C26-A4B4-CFD7AA09D2CF}"
EndProject
Project("{FAE04EC0-301F-11D3-BF4B-00C04F79EFBC}") = "Infrastructure.Tests", "PreciousGame.Verot.Morin.Infrastructure.Tests\Infrastructure.Tests.csproj", "{2795A6C2-3F53-405F-8B11-C0A857E7EB42}"
EndProject
Project("{FAE04EC0-301F-11D3-BF4B-00C04F79EFBC}") = "Console.Tests", "PreciousGame.Verot.Morin.Console.Tests\Console.Tests.csproj", "{A53B3682-4E84-4C63-8A47-3C4D64DE96BB}"
EndProject
Global
	GlobalSection(SolutionConfigurationPlatforms) = preSolution
		Debug|Any CPU = Debug|Any CPU
		Release|Any CPU = Release|Any CPU
	EndGlobalSection
	GlobalSection(ProjectConfigurationPlatforms) = postSolution
		{49B0A394-11FF-4AC0-82FB-9E73191E3F0C}.Debug|Any CPU.ActiveCfg = Debug|Any CPU
		{49B0A394-11FF-4AC0-82FB-9E73191E3F0C}.Debug|Any CPU.Build.0 = Debug|Any CPU
		{49B0A394-11FF-4AC0-82FB-9E73191E3F0C}.Release|Any CPU.ActiveCfg = Release|Any CPU
		{49B0A394-11FF-4AC0-82FB-9E73191E3F0C}.Release|Any CPU.Build.0 = Release|Any CPU
		{3127AD8F-D690-4C26-A4B4-CFD7AA09D2CF}.Debug|Any CPU.ActiveCfg = Debug|Any CPU
		{3127AD8F-D690-4C26-A4B4-CFD7AA09D2CF}.Debug|Any CPU.Build.0 = Debug|Any CPU
		{3127AD8F-D690-4C26-A4B4-CFD7AA09D2CF}.Release|Any CPU.ActiveCfg = Release|Any CPU
		{3127AD8F-D690-4C26-A4B4-CFD7AA09D2CF}.Release|Any CPU.Build.0 = Release|Any CPU
		{2795A6C2-3F53-405F-8B11-C0A857E7EB42}.Debug|Any CPU.ActiveCfg = Debug|Any CPU
		{2795A6C2-3F53-405F-8B11-C0A857E7EB42}.Debug|Any CPU.Build.0 = Debug|Any CPU
		{2795A6C2-3F53-405F-8B11-C0A857E7EB42}.Release|Any CPU.ActiveCfg = Release|Any CPU
		{2795A6C2-3F53-405F-8B11-C0A857E7EB42}.Release|Any CPU.Build.0 = Release|Any CPU
		{A53B3682-4E84-4C63-8A47-3C4D64DE96BB}.Debug|Any CPU.ActiveCfg = Debug|Any CPU
		{A53B3682-4E84-4C63-8A47-3C4D64DE96BB}.Debug|Any CPU.Build.0 = Debug|Any CPU
		{A53B3682-4E84-4C63-8A47-3C4D64DE96BB}.Release|Any CPU.ActiveCfg = Release|Any CPU
		{A53B3682-4E84-4C63-8A47-3C4D64DE96BB}.Release|Any CPU.Build.0 = Release|Any CPU
	EndGlobalSection
	GlobalSection(SolutionProperties) = preSolution
		HideSolutionNode = FALSE
	EndGlobalSection
	GlobalSection(ExtensibilityGlobals) = postSolution
		SolutionGuid = {C6D58248-067C-4037-B51B-5F10992D59EE}
	EndGlobalSection
EndGlobal
